
Microsoft Visual Studio Solution File, Format Version 12.00
# Visual Studio Version 17
VisualStudioVersion = 17.8.34408.163
MinimumVisualStudioVersion = 10.0.40219.1
Project("{9A19103F-16F7-4668-BE54-9A1E7A4F7556}") = "M001", "M001\M001.csproj", "{B89438A9-A513-4CA0-81D4-8E6BC907482B}"
EndProject
Project("{9A19103F-16F7-4668-BE54-9A1E7A4F7556}") = "M002", "M002\M002.csproj", "{98152F3B-34EB-4B8B-8349-0FEA1ECE80C4}"
EndProject
Project("{9A19103F-16F7-4668-BE54-9A1E7A4F7556}") = "M015", "M015\M015.csproj", "{55290174-F407-4DA1-870B-ECBA9D80E83C}"
EndProject
Project("{9A19103F-16F7-4668-BE54-9A1E7A4F7556}") = "M003", "M003\M003.csproj", "{71331656-A1C1-40CD-9585-D1463F3A8BE4}"
EndProject
Project("{9A19103F-16F7-4668-BE54-9A1E7A4F7556}") = "M004", "M004\M004.csproj", "{4D224046-D331-4524-A685-4ADD6941BA67}"
EndProject
Project("{9A19103F-16F7-4668-BE54-9A1E7A4F7556}") = "M005", "M005\M005.csproj", "{D0D689F9-E0A6-4294-8EC1-595E52099C23}"
EndProject
Project("{9A19103F-16F7-4668-BE54-9A1E7A4F7556}") = "M006", "M006\M006.csproj", "{7DD5103D-F0F6-427F-A34F-8F610C8EFAFA}"
EndProject
Project("{9A19103F-16F7-4668-BE54-9A1E7A4F7556}") = "M007", "M007\M007.csproj", "{46E26594-7FED-4D4A-BD78-FD4F3EE44CAD}"
EndProject
Project("{9A19103F-16F7-4668-BE54-9A1E7A4F7556}") = "M008", "M008\M008.csproj", "{0DE4EA16-8F45-4A6A-A80C-FA5C0D5929E6}"
EndProject
Project("{9A19103F-16F7-4668-BE54-9A1E7A4F7556}") = "M009", "M009\M009.csproj", "{02B00867-E9E2-4422-BC3F-9FDBC0C1087F}"
EndProject
Project("{9A19103F-16F7-4668-BE54-9A1E7A4F7556}") = "M010", "M010\M010.csproj", "{E16A0ED0-73A8-44C7-9F1A-404D3E9507B8}"
EndProject
Project("{FAE04EC0-301F-11D3-BF4B-00C04F79EFBC}") = "M011", "M011\M011.csproj", "{653717B7-A98F-47E6-A7CC-BD95DB4A04DF}"
EndProject
Project("{FAE04EC0-301F-11D3-BF4B-00C04F79EFBC}") = "M012", "M012\M012.csproj", "{4638F9CA-1A5C-490A-A04F-5708944E4114}"
EndProject
Project("{FAE04EC0-301F-11D3-BF4B-00C04F79EFBC}") = "M013", "M013\M013.csproj", "{B95F9A11-350D-40DA-BD8D-3FAA50E09B45}"
EndProject
Global
	GlobalSection(SolutionConfigurationPlatforms) = preSolution
		Debug|Any CPU = Debug|Any CPU
		Release|Any CPU = Release|Any CPU
	EndGlobalSection
	GlobalSection(ProjectConfigurationPlatforms) = postSolution
		{B89438A9-A513-4CA0-81D4-8E6BC907482B}.Debug|Any CPU.ActiveCfg = Debug|Any CPU
		{B89438A9-A513-4CA0-81D4-8E6BC907482B}.Debug|Any CPU.Build.0 = Debug|Any CPU
		{B89438A9-A513-4CA0-81D4-8E6BC907482B}.Release|Any CPU.ActiveCfg = Release|Any CPU
		{B89438A9-A513-4CA0-81D4-8E6BC907482B}.Release|Any CPU.Build.0 = Release|Any CPU
		{98152F3B-34EB-4B8B-8349-0FEA1ECE80C4}.Debug|Any CPU.ActiveCfg = Debug|Any CPU
		{98152F3B-34EB-4B8B-8349-0FEA1ECE80C4}.Debug|Any CPU.Build.0 = Debug|Any CPU
		{98152F3B-34EB-4B8B-8349-0FEA1ECE80C4}.Release|Any CPU.ActiveCfg = Release|Any CPU
		{98152F3B-34EB-4B8B-8349-0FEA1ECE80C4}.Release|Any CPU.Build.0 = Release|Any CPU
		{55290174-F407-4DA1-870B-ECBA9D80E83C}.Debug|Any CPU.ActiveCfg = Debug|Any CPU
		{55290174-F407-4DA1-870B-ECBA9D80E83C}.Debug|Any CPU.Build.0 = Debug|Any CPU
		{55290174-F407-4DA1-870B-ECBA9D80E83C}.Release|Any CPU.ActiveCfg = Release|Any CPU
		{55290174-F407-4DA1-870B-ECBA9D80E83C}.Release|Any CPU.Build.0 = Release|Any CPU
		{71331656-A1C1-40CD-9585-D1463F3A8BE4}.Debug|Any CPU.ActiveCfg = Debug|Any CPU
		{71331656-A1C1-40CD-9585-D1463F3A8BE4}.Debug|Any CPU.Build.0 = Debug|Any CPU
		{71331656-A1C1-40CD-9585-D1463F3A8BE4}.Release|Any CPU.ActiveCfg = Release|Any CPU
		{71331656-A1C1-40CD-9585-D1463F3A8BE4}.Release|Any CPU.Build.0 = Release|Any CPU
		{4D224046-D331-4524-A685-4ADD6941BA67}.Debug|Any CPU.ActiveCfg = Debug|Any CPU
		{4D224046-D331-4524-A685-4ADD6941BA67}.Debug|Any CPU.Build.0 = Debug|Any CPU
		{4D224046-D331-4524-A685-4ADD6941BA67}.Release|Any CPU.ActiveCfg = Release|Any CPU
		{4D224046-D331-4524-A685-4ADD6941BA67}.Release|Any CPU.Build.0 = Release|Any CPU
		{D0D689F9-E0A6-4294-8EC1-595E52099C23}.Debug|Any CPU.ActiveCfg = Debug|Any CPU
		{D0D689F9-E0A6-4294-8EC1-595E52099C23}.Debug|Any CPU.Build.0 = Debug|Any CPU
		{D0D689F9-E0A6-4294-8EC1-595E52099C23}.Release|Any CPU.ActiveCfg = Release|Any CPU
		{D0D689F9-E0A6-4294-8EC1-595E52099C23}.Release|Any CPU.Build.0 = Release|Any CPU
		{7DD5103D-F0F6-427F-A34F-8F610C8EFAFA}.Debug|Any CPU.ActiveCfg = Debug|Any CPU
		{7DD5103D-F0F6-427F-A34F-8F610C8EFAFA}.Debug|Any CPU.Build.0 = Debug|Any CPU
		{7DD5103D-F0F6-427F-A34F-8F610C8EFAFA}.Release|Any CPU.ActiveCfg = Release|Any CPU
		{7DD5103D-F0F6-427F-A34F-8F610C8EFAFA}.Release|Any CPU.Build.0 = Release|Any CPU
		{46E26594-7FED-4D4A-BD78-FD4F3EE44CAD}.Debug|Any CPU.ActiveCfg = Debug|Any CPU
		{46E26594-7FED-4D4A-BD78-FD4F3EE44CAD}.Debug|Any CPU.Build.0 = Debug|Any CPU
		{46E26594-7FED-4D4A-BD78-FD4F3EE44CAD}.Release|Any CPU.ActiveCfg = Release|Any CPU
		{46E26594-7FED-4D4A-BD78-FD4F3EE44CAD}.Release|Any CPU.Build.0 = Release|Any CPU
		{0DE4EA16-8F45-4A6A-A80C-FA5C0D5929E6}.Debug|Any CPU.ActiveCfg = Debug|Any CPU
		{0DE4EA16-8F45-4A6A-A80C-FA5C0D5929E6}.Debug|Any CPU.Build.0 = Debug|Any CPU
		{0DE4EA16-8F45-4A6A-A80C-FA5C0D5929E6}.Release|Any CPU.ActiveCfg = Release|Any CPU
		{0DE4EA16-8F45-4A6A-A80C-FA5C0D5929E6}.Release|Any CPU.Build.0 = Release|Any CPU
		{02B00867-E9E2-4422-BC3F-9FDBC0C1087F}.Debug|Any CPU.ActiveCfg = Debug|Any CPU
		{02B00867-E9E2-4422-BC3F-9FDBC0C1087F}.Debug|Any CPU.Build.0 = Debug|Any CPU
		{02B00867-E9E2-4422-BC3F-9FDBC0C1087F}.Release|Any CPU.ActiveCfg = Release|Any CPU
		{02B00867-E9E2-4422-BC3F-9FDBC0C1087F}.Release|Any CPU.Build.0 = Release|Any CPU
		{E16A0ED0-73A8-44C7-9F1A-404D3E9507B8}.Debug|Any CPU.ActiveCfg = Debug|Any CPU
		{E16A0ED0-73A8-44C7-9F1A-404D3E9507B8}.Debug|Any CPU.Build.0 = Debug|Any CPU
		{E16A0ED0-73A8-44C7-9F1A-404D3E9507B8}.Release|Any CPU.ActiveCfg = Release|Any CPU
		{E16A0ED0-73A8-44C7-9F1A-404D3E9507B8}.Release|Any CPU.Build.0 = Release|Any CPU
		{653717B7-A98F-47E6-A7CC-BD95DB4A04DF}.Debug|Any CPU.ActiveCfg = Debug|Any CPU
		{653717B7-A98F-47E6-A7CC-BD95DB4A04DF}.Debug|Any CPU.Build.0 = Debug|Any CPU
		{653717B7-A98F-47E6-A7CC-BD95DB4A04DF}.Release|Any CPU.ActiveCfg = Release|Any CPU
		{653717B7-A98F-47E6-A7CC-BD95DB4A04DF}.Release|Any CPU.Build.0 = Release|Any CPU
		{4638F9CA-1A5C-490A-A04F-5708944E4114}.Debug|Any CPU.ActiveCfg = Debug|Any CPU
		{4638F9CA-1A5C-490A-A04F-5708944E4114}.Debug|Any CPU.Build.0 = Debug|Any CPU
		{4638F9CA-1A5C-490A-A04F-5708944E4114}.Release|Any CPU.ActiveCfg = Release|Any CPU
		{4638F9CA-1A5C-490A-A04F-5708944E4114}.Release|Any CPU.Build.0 = Release|Any CPU
		{B95F9A11-350D-40DA-BD8D-3FAA50E09B45}.Debug|Any CPU.ActiveCfg = Debug|Any CPU
		{B95F9A11-350D-40DA-BD8D-3FAA50E09B45}.Debug|Any CPU.Build.0 = Debug|Any CPU
		{B95F9A11-350D-40DA-BD8D-3FAA50E09B45}.Release|Any CPU.ActiveCfg = Release|Any CPU
		{B95F9A11-350D-40DA-BD8D-3FAA50E09B45}.Release|Any CPU.Build.0 = Release|Any CPU
	EndGlobalSection
	GlobalSection(SolutionProperties) = preSolution
		HideSolutionNode = FALSE
	EndGlobalSection
	GlobalSection(ExtensibilityGlobals) = postSolution
		SolutionGuid = {C07F2DA4-9BC8-4407-9A7E-8AE65B0FC391}
	EndGlobalSection
EndGlobal
